
Microsoft Visual Studio Solution File, Format Version 12.00
# Visual Studio 15
VisualStudioVersion = 15.0.26124.0
MinimumVisualStudioVersion = 15.0.26124.0
Project("{2150E333-8FDC-42A3-9474-1A3956D46DE8}") = "src", "src", "{523E343E-CC0B-4C8B-B938-57453344EEE4}"
EndProject
Project("{FAE04EC0-301F-11D3-BF4B-00C04F79EFBC}") = "CustomerApi", "src\CustomerApi\CustomerApi.csproj", "{81218B14-EE94-4447-BEB7-378AF5FCA027}"
EndProject
Project("{2150E333-8FDC-42A3-9474-1A3956D46DE8}") = "tests", "tests", "{2EC640B9-B393-43DD-9478-4EDB03A7506F}"
EndProject
Project("{FAE04EC0-301F-11D3-BF4B-00C04F79EFBC}") = "CustomerApi.Tests", "tests\CustomerApi.Tests\CustomerApi.Tests.csproj", "{D7637A41-BD7A-4E44-B4C5-4A784731C19B}"
EndProject
Global
	GlobalSection(SolutionConfigurationPlatforms) = preSolution
		Debug|Any CPU = Debug|Any CPU
		Debug|x64 = Debug|x64
		Debug|x86 = Debug|x86
		Release|Any CPU = Release|Any CPU
		Release|x64 = Release|x64
		Release|x86 = Release|x86
	EndGlobalSection
	GlobalSection(SolutionProperties) = preSolution
		HideSolutionNode = FALSE
	EndGlobalSection
	GlobalSection(ProjectConfigurationPlatforms) = postSolution
		{81218B14-EE94-4447-BEB7-378AF5FCA027}.Debug|Any CPU.ActiveCfg = Debug|Any CPU
		{81218B14-EE94-4447-BEB7-378AF5FCA027}.Debug|Any CPU.Build.0 = Debug|Any CPU
		{81218B14-EE94-4447-BEB7-378AF5FCA027}.Debug|x64.ActiveCfg = Debug|Any CPU
		{81218B14-EE94-4447-BEB7-378AF5FCA027}.Debug|x64.Build.0 = Debug|Any CPU
		{81218B14-EE94-4447-BEB7-378AF5FCA027}.Debug|x86.ActiveCfg = Debug|Any CPU
		{81218B14-EE94-4447-BEB7-378AF5FCA027}.Debug|x86.Build.0 = Debug|Any CPU
		{81218B14-EE94-4447-BEB7-378AF5FCA027}.Release|Any CPU.ActiveCfg = Release|Any CPU
		{81218B14-EE94-4447-BEB7-378AF5FCA027}.Release|Any CPU.Build.0 = Release|Any CPU
		{81218B14-EE94-4447-BEB7-378AF5FCA027}.Release|x64.ActiveCfg = Release|Any CPU
		{81218B14-EE94-4447-BEB7-378AF5FCA027}.Release|x64.Build.0 = Release|Any CPU
		{81218B14-EE94-4447-BEB7-378AF5FCA027}.Release|x86.ActiveCfg = Release|Any CPU
		{81218B14-EE94-4447-BEB7-378AF5FCA027}.Release|x86.Build.0 = Release|Any CPU
		{D7637A41-BD7A-4E44-B4C5-4A784731C19B}.Debug|Any CPU.ActiveCfg = Debug|Any CPU
		{D7637A41-BD7A-4E44-B4C5-4A784731C19B}.Debug|Any CPU.Build.0 = Debug|Any CPU
		{D7637A41-BD7A-4E44-B4C5-4A784731C19B}.Debug|x64.ActiveCfg = Debug|Any CPU
		{D7637A41-BD7A-4E44-B4C5-4A784731C19B}.Debug|x64.Build.0 = Debug|Any CPU
		{D7637A41-BD7A-4E44-B4C5-4A784731C19B}.Debug|x86.ActiveCfg = Debug|Any CPU
		{D7637A41-BD7A-4E44-B4C5-4A784731C19B}.Debug|x86.Build.0 = Debug|Any CPU
		{D7637A41-BD7A-4E44-B4C5-4A784731C19B}.Release|Any CPU.ActiveCfg = Release|Any CPU
		{D7637A41-BD7A-4E44-B4C5-4A784731C19B}.Release|Any CPU.Build.0 = Release|Any CPU
		{D7637A41-BD7A-4E44-B4C5-4A784731C19B}.Release|x64.ActiveCfg = Release|Any CPU
		{D7637A41-BD7A-4E44-B4C5-4A784731C19B}.Release|x64.Build.0 = Release|Any CPU
		{D7637A41-BD7A-4E44-B4C5-4A784731C19B}.Release|x86.ActiveCfg = Release|Any CPU
		{D7637A41-BD7A-4E44-B4C5-4A784731C19B}.Release|x86.Build.0 = Release|Any CPU
	EndGlobalSection
	GlobalSection(NestedProjects) = preSolution
		{81218B14-EE94-4447-BEB7-378AF5FCA027} = {523E343E-CC0B-4C8B-B938-57453344EEE4}
		{D7637A41-BD7A-4E44-B4C5-4A784731C19B} = {2EC640B9-B393-43DD-9478-4EDB03A7506F}
	EndGlobalSection
EndGlobal
